
Microsoft Visual Studio Solution File, Format Version 12.00
# Visual Studio Version 17
VisualStudioVersion = 17.5.33516.290
MinimumVisualStudioVersion = 10.0.40219.1
Project("{FAE04EC0-301F-11D3-BF4B-00C04F79EFBC}") = "WinForms_1", "WinForms_1\WinForms_1.csproj", "{2BD8F086-2F71-481D-9BF4-8FA588E8CF9F}"
EndProject
Global
	GlobalSection(SolutionConfigurationPlatforms) = preSolution
		Debug|Any CPU = Debug|Any CPU
		Release|Any CPU = Release|Any CPU
	EndGlobalSection
	GlobalSection(ProjectConfigurationPlatforms) = postSolution
		{2BD8F086-2F71-481D-9BF4-8FA588E8CF9F}.Debug|Any CPU.ActiveCfg = Debug|Any CPU
		{2BD8F086-2F71-481D-9BF4-8FA588E8CF9F}.Debug|Any CPU.Build.0 = Debug|Any CPU
		{2BD8F086-2F71-481D-9BF4-8FA588E8CF9F}.Release|Any CPU.ActiveCfg = Release|Any CPU
		{2BD8F086-2F71-481D-9BF4-8FA588E8CF9F}.Release|Any CPU.Build.0 = Release|Any CPU
	EndGlobalSection
	GlobalSection(SolutionProperties) = preSolution
		HideSolutionNode = FALSE
	EndGlobalSection
	GlobalSection(ExtensibilityGlobals) = postSolution
		SolutionGuid = {E3EDE643-8D1E-4806-BBC4-BD2A1C4B45AE}
	EndGlobalSection
EndGlobal
